// !$*UTF8*$!
{
	archiveVersion = 1;
	classes = {
	};
	objectVersion = 46;
	objects = {

/* Begin PBXBuildFile section */
		EC4AD8101A54C7C30026727E /* AppDelegate.swift in Sources */ = {isa = PBXBuildFile; fileRef = EC4AD80F1A54C7C30026727E /* AppDelegate.swift */; };
		EC4AD8121A54C7C30026727E /* ViewController.swift in Sources */ = {isa = PBXBuildFile; fileRef = EC4AD8111A54C7C30026727E /* ViewController.swift */; };
		EC4AD8151A54C7C30026727E /* Main.storyboard in Resources */ = {isa = PBXBuildFile; fileRef = EC4AD8131A54C7C30026727E /* Main.storyboard */; };
		EC4AD8171A54C7C30026727E /* Assets.xcassets in Resources */ = {isa = PBXBuildFile; fileRef = EC4AD8161A54C7C30026727E /* Assets.xcassets */; };
		EC4AD81A1A54C7C30026727E /* LaunchScreen.storyboard in Resources */ = {isa = PBXBuildFile; fileRef = EC4AD8181A54C7C30026727E /* LaunchScreen.storyboard */; };
/* End PBXBuildFile section */

/* Begin PBXFileReference section */
		EC4AD80C1A54C7C30026727E /* SlideShowApp.app */ = {isa = PBXFileReference; explicitFileType = wrapper.application; includeInIndex = 0; path = SlideShowApp.app; sourceTree = BUILT_PRODUCTS_DIR; };
		EC4AD80F1A54C7C30026727E /* AppDelegate.swift */ = {isa = PBXFileReference; lastKnownFileType = sourcecode.swift; path = AppDelegate.swift; sourceTree = "<group>"; };
		EC4AD8111A54C7C30026727E /* ViewController.swift */ = {isa = PBXFileReference; lastKnownFileType = sourcecode.swift; path = ViewController.swift; sourceTree = "<group>"; };
		EC4AD8141A54C7C30026727E /* Base */ = {isa = PBXFileReference; lastKnownFileType = file.storyboard; name = Base; path = Base.lproj/Main.storyboard; sourceTree = "<group>"; };
		EC4AD8161A54C7C30026727E /* Assets.xcassets */ = {isa = PBXFileReference; lastKnownFileType = folder.assetcatalog; path = Assets.xcassets; sourceTree = "<group>"; };
		EC4AD8191A54C7C30026727E /* Base */ = {isa = PBXFileReference; lastKnownFileType = file.storyboard; name = Base; path = Base.lproj/LaunchScreen.storyboard; sourceTree = "<group>"; };
		EC4AD81B1A54C7C30026727E /* Info.plist */ = {isa = PBXFileReference; lastKnownFileType = text.plist.xml; path = Info.plist; sourceTree = "<group>"; };
/* End PBXFileReference section */

/* Begin PBXFrameworksBuildPhase section */
		EC4AD8091A54C7C30026727E /* Frameworks */ = {
			isa = PBXFrameworksBuildPhase;
			buildActionMask = 2147483647;
			files = (
			);
			runOnlyForDeploymentPostprocessing = 0;
		};
/* End PBXFrameworksBuildPhase section */

/* Begin PBXGroup section */
		EC4AD8031A54C7C20026727E = {
			isa = PBXGroup;
			children = (
				EC4AD80E1A54C7C30026727E /* SlideShowApp */,
				EC4AD80D1A54C7C30026727E /* Products */,
			);
			sourceTree = "<group>";
		};
		EC4AD80D1A54C7C30026727E /* Products */ = {
			isa = PBXGroup;
			children = (
				EC4AD80C1A54C7C30026727E /* SlideShowApp.app */,
			);
			name = Products;
			sourceTree = "<group>";
		};
		EC4AD80E1A54C7C30026727E /* SlideShowApp */ = {
			isa = PBXGroup;
			children = (
				EC4AD80F1A54C7C30026727E /* AppDelegate.swift */,
				EC4AD8111A54C7C30026727E /* ViewController.swift */,
				EC4AD8131A54C7C30026727E /* Main.storyboard */,
				EC4AD8161A54C7C30026727E /* Assets.xcassets */,
				EC4AD8181A54C7C30026727E /* LaunchScreen.storyboard */,
				EC4AD81B1A54C7C30026727E /* Info.plist */,
			);
			path = SlideShowApp;
			sourceTree = "<group>";
		};
/* End PBXGroup section */

/* Begin PBXNativeTarget section */
		EC4AD80B1A54C7C30026727E /* SlideShowApp */ = {
			isa = PBXNativeTarget;
			buildConfigurationList = EC4AD81E1A54C7C30026727E /* Build configuration list for PBXNativeTarget "SlideShowApp" */;
			buildPhases = (
				EC4AD8081A54C7C30026727E /* Sources */,
				EC4AD8091A54C7C30026727E /* Frameworks */,
				EC4AD80A1A54C7C30026727E /* Resources */,
			);
			buildRules = (
			);
			dependencies = (
			);
			name = SlideShowApp;
			productName = SlideShowApp;
			productReference = EC4AD80C1A54C7C30026727E /* SlideShowApp.app */;
			productType = "com.apple.product-type.application";
		};
/* End PBXNativeTarget section */

/* Begin PBXProject section */
		EC4AD8041A54C7C20026727E /* Project object */ = {
			isa = PBXProject;
			attributes = {
				LastSwiftUpdateCheck = 0720;
				LastUpgradeCheck = 0720;
				ORGANIZATIONNAME = kiyoko.ohashi;
				TargetAttributes = {
					EC4AD80B1A54C7C30026727E = {
						CreatedOnToolsVersion = 7.2;
					};
				};
			};
			buildConfigurationList = EC4AD8071A54C7C20026727E /* Build configuration list for PBXProject "SlideShowApp" */;
			compatibilityVersion = "Xcode 3.2";
			developmentRegion = English;
			hasScannedForEncodings = 0;
			knownRegions = (
				en,
				Base,
			);
			mainGroup = EC4AD8031A54C7C20026727E;
			productRefGroup = EC4AD80D1A54C7C30026727E /* Products */;
			projectDirPath = "";
			projectRoot = "";
			targets = (
				EC4AD80B1A54C7C30026727E /* SlideShowApp */,
			);
		};
/* End PBXProject section */

/* Begin PBXResourcesBuildPhase section */
		EC4AD80A1A54C7C30026727E /* Resources */ = {
			isa = PBXResourcesBuildPhase;
			buildActionMask = 2147483647;
			files = (
				EC4AD81A1A54C7C30026727E /* LaunchScreen.storyboard in Resources */,
				EC4AD8171A54C7C30026727E /* Assets.xcassets in Resources */,
				EC4AD8151A54C7C30026727E /* Main.storyboard in Resources */,
			);
			runOnlyForDeploymentPostprocessing = 0;
		};
/* End PBXResourcesBuildPhase section */

/* Begin PBXSourcesBuildPhase section */
		EC4AD8081A54C7C30026727E /* Sources */ = {
			isa = PBXSourcesBuildPhase;
			buildActionMask = 2147483647;
			files = (
				EC4AD8121A54C7C30026727E /* ViewController.swift in Sources */,
				EC4AD8101A54C7C30026727E /* AppDelegate.swift in Sources */,
			);
			runOnlyForDeploymentPostprocessing = 0;
		};
/* End PBXSourcesBuildPhase section */

/* Begin PBXVariantGroup section */
		EC4AD8131A54C7C30026727E /* Main.storyboard */ = {
			isa = PBXVariantGroup;
			children = (
				EC4AD8141A54C7C30026727E /* Base */,
			);
			name = Main.storyboard;
			sourceTree = "<group>";
		};
		EC4AD8181A54C7C30026727E /* LaunchScreen.storyboard */ = {
			isa = PBXVariantGroup;
			children = (
				EC4AD8191A54C7C30026727E /* Base */,
			);
			name = LaunchScreen.storyboard;
			sourceTree = "<group>";
		};
/* End PBXVariantGroup section */

/* Begin XCBuildConfiguration section */
		EC4AD81C1A54C7C30026727E /* Debug */ = {
			isa = XCBuildConfiguration;
			buildSettings = {
				ALWAYS_SEARCH_USER_PATHS = NO;
				CLANG_CXX_LANGUAGE_STANDARD = "gnu++0x";
				CLANG_CXX_LIBRARY = "libc++";
				CLANG_ENABLE_MODULES = YES;
				CLANG_ENABLE_OBJC_ARC = YES;
				CLANG_WARN_BOOL_CONVERSION = YES;
				CLANG_WARN_CONSTANT_CONVERSION = YES;
				CLANG_WARN_DIRECT_OBJC_ISA_USAGE = YES_ERROR;
				CLANG_WARN_EMPTY_BODY = YES;
				CLANG_WARN_ENUM_CONVERSION = YES;
				CLANG_WARN_INT_CONVERSION = YES;
				CLANG_WARN_OBJC_ROOT_CLASS = YES_ERROR;
				CLANG_WARN_UNREACHABLE_CODE = YES;
				CLANG_WARN__DUPLICATE_METHOD_MATCH = YES;
				"CODE_SIGN_IDENTITY[sdk=iphoneos*]" = "iPhone Developer";
				COPY_PHASE_STRIP = NO;
				DEBUG_INFORMATION_FORMAT = dwarf;
				ENABLE_STRICT_OBJC_MSGSEND = YES;
				ENABLE_TESTABILITY = YES;
				GCC_C_LANGUAGE_STANDARD = gnu99;
				GCC_DYNAMIC_NO_PIC = NO;
				GCC_NO_COMMON_BLOCKS = YES;
				GCC_OPTIMIZATION_LEVEL = 0;
				GCC_PREPROCESSOR_DEFINITIONS = (
					"DEBUG=1",
					"$(inherited)",
				);
				GCC_WARN_64_TO_32_BIT_CONVERSION = YES;
				GCC_WARN_ABOUT_RETURN_TYPE = YES_ERROR;
				GCC_WARN_UNDECLARED_SELECTOR = YES;
				GCC_WARN_UNINITIALIZED_AUTOS = YES_AGGRESSIVE;
				GCC_WARN_UNUSED_FUNCTION = YES;
				GCC_WARN_UNUSED_VARIABLE = YES;
				IPHONEOS_DEPLOYMENT_TARGET = 9.2;
				MTL_ENABLE_DEBUG_INFO = YES;
				ONLY_ACTIVE_ARCH = YES;
				SDKROOT = iphoneos;
				SWIFT_OPTIMIZATION_LEVEL = "-Onone";
			};
			name = Debug;
		};
		EC4AD81D1A54C7C30026727E /* Release */ = {
			isa = XCBuildConfiguration;
			buildSettings = {
				ALWAYS_SEARCH_USER_PATHS = NO;
				CLANG_CXX_LANGUAGE_STANDARD = "gnu++0x";
				CLANG_CXX_LIBRARY = "libc++";
				CLANG_ENABLE_MODULES = YES;
				CLANG_ENABLE_OBJC_ARC = YES;
				CLANG_WARN_BOOL_CONVERSION = YES;
				CLANG_WARN_CONSTANT_CONVERSION = YES;
				CLANG_WARN_DIRECT_OBJC_ISA_USAGE = YES_ERROR;
				CLANG_WARN_EMPTY_BODY = YES;
				CLANG_WARN_ENUM_CONVERSION = YES;
				CLANG_WARN_INT_CONVERSION = YES;
				CLANG_WARN_OBJC_ROOT_CLASS = YES_ERROR;
				CLANG_WARN_UNREACHABLE_CODE = YES;
				CLANG_WARN__DUPLICATE_METHOD_MATCH = YES;
				"CODE_SIGN_IDENTITY[sdk=iphoneos*]" = "iPhone Developer";
				COPY_PHASE_STRIP = NO;
				DEBUG_INFORMATION_FORMAT = "dwarf-with-dsym";
				ENABLE_NS_ASSERTIONS = NO;
				ENABLE_STRICT_OBJC_MSGSEND = YES;
				GCC_C_LANGUAGE_STANDARD = gnu99;
				GCC_NO_COMMON_BLOCKS = YES;
				GCC_WARN_64_TO_32_BIT_CONVERSION = YES;
				GCC_WARN_ABOUT_RETURN_TYPE = YES_ERROR;
				GCC_WARN_UNDECLARED_SELECTOR = YES;
				GCC_WARN_UNINITIALIZED_AUTOS = YES_AGGRESSIVE;
				GCC_WARN_UNUSED_FUNCTION = YES;
				GCC_WARN_UNUSED_VARIABLE = YES;
				IPHONEOS_DEPLOYMENT_TARGET = 9.2;
				MTL_ENABLE_DEBUG_INFO = NO;
				SDKROOT = iphoneos;
				VALIDATE_PRODUCT = YES;
			};
			name = Release;
		};
		EC4AD81F1A54C7C30026727E /* Debug */ = {
			isa = XCBuildConfiguration;
			buildSettings = {
				ASSETCATALOG_COMPILER_APPICON_NAME = AppIcon;
				INFOPLIST_FILE = SlideShowApp/Info.plist;
				LD_RUNPATH_SEARCH_PATHS = "$(inherited) @executable_path/Frameworks";
				PRODUCT_BUNDLE_IDENTIFIER = jp.techacademy.kiyoko.ohashi.SlideShowApp;
				PRODUCT_NAME = "$(TARGET_NAME)";
			};
			name = Debug;
		};
		EC4AD8201A54C7C30026727E /* Release */ = {
			isa = XCBuildConfiguration;
			buildSettings = {
				ASSETCATALOG_COMPILER_APPICON_NAME = AppIcon;
				INFOPLIST_FILE = SlideShowApp/Info.plist;
				LD_RUNPATH_SEARCH_PATHS = "$(inherited) @executable_path/Frameworks";
				PRODUCT_BUNDLE_IDENTIFIER = jp.techacademy.kiyoko.ohashi.SlideShowApp;
				PRODUCT_NAME = "$(TARGET_NAME)";
			};
			name = Release;
		};
/* End XCBuildConfiguration section */

/* Begin XCConfigurationList section */
		EC4AD8071A54C7C20026727E /* Build configuration list for PBXProject "SlideShowApp" */ = {
			isa = XCConfigurationList;
			buildConfigurations = (
				EC4AD81C1A54C7C30026727E /* Debug */,
				EC4AD81D1A54C7C30026727E /* Release */,
			);
			defaultConfigurationIsVisible = 0;
			defaultConfigurationName = Release;
		};
		EC4AD81E1A54C7C30026727E /* Build configuration list for PBXNativeTarget "SlideShowApp" */ = {
			isa = XCConfigurationList;
			buildConfigurations = (
				EC4AD81F1A54C7C30026727E /* Debug */,
				EC4AD8201A54C7C30026727E /* Release */,
			);
			defaultConfigurationIsVisible = 0;
		};
/* End XCConfigurationList section */
	};
	rootObject = EC4AD8041A54C7C20026727E /* Project object */;
}
